
Microsoft Visual Studio Solution File, Format Version 12.00
Project("{FAE04EC0-301F-11D3-BF4B-00C04F79EFBC}") = "CuteAnimalFinder", "CuteAnimalFinder\CuteAnimalFinder.csproj", "{484CDBF9-5BA2-4AB6-BFEC-02FF8A9A71DF}"
EndProject
Global
	GlobalSection(SolutionConfigurationPlatforms) = preSolution
		Debug|Any CPU = Debug|Any CPU
		Release|Any CPU = Release|Any CPU
	EndGlobalSection
	GlobalSection(ProjectConfigurationPlatforms) = postSolution
		{AE4940A3-99B7-4818-9746-8917E51887DE}.Debug|Any CPU.ActiveCfg = Debug|Any CPU
		{AE4940A3-99B7-4818-9746-8917E51887DE}.Debug|Any CPU.Build.0 = Debug|Any CPU
		{AE4940A3-99B7-4818-9746-8917E51887DE}.Release|Any CPU.ActiveCfg = Release|Any CPU
		{AE4940A3-99B7-4818-9746-8917E51887DE}.Release|Any CPU.Build.0 = Release|Any CPU
		{484CDBF9-5BA2-4AB6-BFEC-02FF8A9A71DF}.Debug|Any CPU.ActiveCfg = Debug|Any CPU
		{484CDBF9-5BA2-4AB6-BFEC-02FF8A9A71DF}.Debug|Any CPU.Build.0 = Debug|Any CPU
		{484CDBF9-5BA2-4AB6-BFEC-02FF8A9A71DF}.Release|Any CPU.ActiveCfg = Release|Any CPU
		{484CDBF9-5BA2-4AB6-BFEC-02FF8A9A71DF}.Release|Any CPU.Build.0 = Release|Any CPU
	EndGlobalSection
EndGlobal
